# Code generated by scarb DO NOT EDIT.
version = 1

[[package]]
name = "alexandria_data_structures"
version = "0.2.0"
source = "git+https://github.com/keep-starknet-strange/alexandria#47dbd482e5a3edded2128d83e309d9c481489e2e"
dependencies = [
 "alexandria_encoding",
]

[[package]]
name = "alexandria_encoding"
version = "0.1.0"
source = "git+https://github.com/keep-starknet-strange/alexandria#47dbd482e5a3edded2128d83e309d9c481489e2e"
dependencies = [
 "alexandria_math",
 "alexandria_numeric",
]

[[package]]
name = "alexandria_math"
version = "0.2.0"
source = "git+https://github.com/keep-starknet-strange/alexandria#47dbd482e5a3edded2128d83e309d9c481489e2e"
dependencies = [
 "alexandria_data_structures",
]

[[package]]
name = "alexandria_numeric"
version = "0.1.0"
source = "git+https://github.com/keep-starknet-strange/alexandria#47dbd482e5a3edded2128d83e309d9c481489e2e"
dependencies = [
 "alexandria_math",
]

[[package]]
name = "hello_world"
version = "0.1.0"
dependencies = [
 "alexandria_math",
]
